Microsoft Visual Studio Solution File, Format Version 12.00
# Visual Studio Version 16
VisualStudioVersion = 16.0.0.0
MinimumVisualStudioVersion = 16.0.0.0
Project("{9A19103F-16F7-4668-BE54-9A1E7A4F7556}") = "Registros.Server", "Server\Registros.Server.csproj", "{C4D040F2-EF69-43DE-BCEA-32ECBE155747}"
EndProject
Project("{9A19103F-16F7-4668-BE54-9A1E7A4F7556}") = "Registros.Client", "Client\Registros.Client.csproj", "{99C84BC7-76F2-4EC0-9078-49294B1E5BB0}"
EndProject
Project("{9A19103F-16F7-4668-BE54-9A1E7A4F7556}") = "Registros.Shared", "Shared\Registros.Shared.csproj", "{B0E4FD21-4E9E-4B6A-8BBE-71B3B0FC43BD}"
EndProject
Global
	GlobalSection(SolutionConfigurationPlatforms) = preSolution
		Debug|Any CPU = Debug|Any CPU
		Debug|x64 = Debug|x64
		Debug|x86 = Debug|x86
		Release|Any CPU = Release|Any CPU
		Release|x64 = Release|x64
		Release|x86 = Release|x86
	EndGlobalSection
	GlobalSection(ProjectConfigurationPlatforms) = postSolution
		{99C84BC7-76F2-4EC0-9078-49294B1E5BB0}.Debug|Any CPU.ActiveCfg = Debug|Any CPU
		{99C84BC7-76F2-4EC0-9078-49294B1E5BB0}.Debug|Any CPU.Build.0 = Debug|Any CPU
		{99C84BC7-76F2-4EC0-9078-49294B1E5BB0}.Debug|x64.ActiveCfg = Debug|Any CPU
		{99C84BC7-76F2-4EC0-9078-49294B1E5BB0}.Debug|x64.Build.0 = Debug|Any CPU
		{99C84BC7-76F2-4EC0-9078-49294B1E5BB0}.Debug|x86.ActiveCfg = Debug|Any CPU
		{99C84BC7-76F2-4EC0-9078-49294B1E5BB0}.Debug|x86.Build.0 = Debug|Any CPU
		{99C84BC7-76F2-4EC0-9078-49294B1E5BB0}.Release|Any CPU.ActiveCfg = Release|Any CPU
		{99C84BC7-76F2-4EC0-9078-49294B1E5BB0}.Release|Any CPU.Build.0 = Release|Any CPU
		{99C84BC7-76F2-4EC0-9078-49294B1E5BB0}.Release|x64.ActiveCfg = Release|Any CPU
		{99C84BC7-76F2-4EC0-9078-49294B1E5BB0}.Release|x64.Build.0 = Release|Any CPU
		{99C84BC7-76F2-4EC0-9078-49294B1E5BB0}.Release|x86.ActiveCfg = Release|Any CPU
		{99C84BC7-76F2-4EC0-9078-49294B1E5BB0}.Release|x86.Build.0 = Release|Any CPU
		{C4D040F2-EF69-43DE-BCEA-32ECBE155747}.Debug|Any CPU.ActiveCfg = Debug|Any CPU
		{C4D040F2-EF69-43DE-BCEA-32ECBE155747}.Debug|Any CPU.Build.0 = Debug|Any CPU
		{C4D040F2-EF69-43DE-BCEA-32ECBE155747}.Debug|x64.ActiveCfg = Debug|Any CPU
		{C4D040F2-EF69-43DE-BCEA-32ECBE155747}.Debug|x64.Build.0 = Debug|Any CPU
		{C4D040F2-EF69-43DE-BCEA-32ECBE155747}.Debug|x86.ActiveCfg = Debug|Any CPU
		{C4D040F2-EF69-43DE-BCEA-32ECBE155747}.Debug|x86.Build.0 = Debug|Any CPU
		{C4D040F2-EF69-43DE-BCEA-32ECBE155747}.Release|Any CPU.ActiveCfg = Release|Any CPU
		{C4D040F2-EF69-43DE-BCEA-32ECBE155747}.Release|Any CPU.Build.0 = Release|Any CPU
		{C4D040F2-EF69-43DE-BCEA-32ECBE155747}.Release|x64.ActiveCfg = Release|Any CPU
		{C4D040F2-EF69-43DE-BCEA-32ECBE155747}.Release|x64.Build.0 = Release|Any CPU
		{C4D040F2-EF69-43DE-BCEA-32ECBE155747}.Release|x86.ActiveCfg = Release|Any CPU
		{C4D040F2-EF69-43DE-BCEA-32ECBE155747}.Release|x86.Build.0 = Release|Any CPU
		{B0E4FD21-4E9E-4B6A-8BBE-71B3B0FC43BD}.Debug|Any CPU.ActiveCfg = Debug|Any CPU
		{B0E4FD21-4E9E-4B6A-8BBE-71B3B0FC43BD}.Debug|Any CPU.Build.0 = Debug|Any CPU
		{B0E4FD21-4E9E-4B6A-8BBE-71B3B0FC43BD}.Debug|x64.ActiveCfg = Debug|Any CPU
		{B0E4FD21-4E9E-4B6A-8BBE-71B3B0FC43BD}.Debug|x64.Build.0 = Debug|Any CPU
		{B0E4FD21-4E9E-4B6A-8BBE-71B3B0FC43BD}.Debug|x86.ActiveCfg = Debug|Any CPU
		{B0E4FD21-4E9E-4B6A-8BBE-71B3B0FC43BD}.Debug|x86.Build.0 = Debug|Any CPU
		{B0E4FD21-4E9E-4B6A-8BBE-71B3B0FC43BD}.Release|Any CPU.ActiveCfg = Release|Any CPU
		{B0E4FD21-4E9E-4B6A-8BBE-71B3B0FC43BD}.Release|Any CPU.Build.0 = Release|Any CPU
		{B0E4FD21-4E9E-4B6A-8BBE-71B3B0FC43BD}.Release|x64.ActiveCfg = Release|Any CPU
		{B0E4FD21-4E9E-4B6A-8BBE-71B3B0FC43BD}.Release|x64.Build.0 = Release|Any CPU
		{B0E4FD21-4E9E-4B6A-8BBE-71B3B0FC43BD}.Release|x86.ActiveCfg = Release|Any CPU
		{B0E4FD21-4E9E-4B6A-8BBE-71B3B0FC43BD}.Release|x86.Build.0 = Release|Any CPU
	EndGlobalSection
	GlobalSection(SolutionProperties) = preSolution
		HideSolutionNode = FALSE
	EndGlobalSection
	GlobalSection(ExtensibilityGlobals) = postSolution
		SolutionGuid = {6D4C7BB9-2897-4FE8-914C-70797457F115}
	EndGlobalSection
EndGlobal